
Microsoft Visual Studio Solution File, Format Version 12.00
# Visual Studio 2012
Project("{FAE04EC0-301F-11D3-BF4B-00C04F79EFBC}") = "CitoBanco.Financ.SisCred", "CitoBanco.Financ.SisCred\CitoBanco.Financ.SisCred.csproj", "{56CFF309-13EE-424D-AF43-582D285A3ACA}"
EndProject
Project("{FAE04EC0-301F-11D3-BF4B-00C04F79EFBC}") = "BancoRia.Finac.sisAuto.Model", "BancoRia.Finac.sisAuto.Model\BancoRia.Finac.sisAuto.Model.csproj", "{ABD9EAE4-96DB-4AF5-970E-430FD03D7023}"
EndProject
Global
	GlobalSection(SolutionConfigurationPlatforms) = preSolution
		Debug|Any CPU = Debug|Any CPU
		Release|Any CPU = Release|Any CPU
	EndGlobalSection
	GlobalSection(ProjectConfigurationPlatforms) = postSolution
		{56CFF309-13EE-424D-AF43-582D285A3ACA}.Debug|Any CPU.ActiveCfg = Debug|Any CPU
		{56CFF309-13EE-424D-AF43-582D285A3ACA}.Debug|Any CPU.Build.0 = Debug|Any CPU
		{56CFF309-13EE-424D-AF43-582D285A3ACA}.Release|Any CPU.ActiveCfg = Release|Any CPU
		{56CFF309-13EE-424D-AF43-582D285A3ACA}.Release|Any CPU.Build.0 = Release|Any CPU
		{ABD9EAE4-96DB-4AF5-970E-430FD03D7023}.Debug|Any CPU.ActiveCfg = Debug|Any CPU
		{ABD9EAE4-96DB-4AF5-970E-430FD03D7023}.Debug|Any CPU.Build.0 = Debug|Any CPU
		{ABD9EAE4-96DB-4AF5-970E-430FD03D7023}.Release|Any CPU.ActiveCfg = Release|Any CPU
		{ABD9EAE4-96DB-4AF5-970E-430FD03D7023}.Release|Any CPU.Build.0 = Release|Any CPU
	EndGlobalSection
	GlobalSection(SolutionProperties) = preSolution
		HideSolutionNode = FALSE
	EndGlobalSection
EndGlobal
