
Microsoft Visual Studio Solution File, Format Version 12.00
# Visual Studio 2012
Project("{FAE04EC0-301F-11D3-BF4B-00C04F79EFBC}") = "EmpresaA.ProjetoX.View", "EmpresaA.ProjetoX\EmpresaA.ProjetoX.View.csproj", "{B0117676-1669-4A4E-8C90-14F93B5246C3}"
EndProject
Project("{FAE04EC0-301F-11D3-BF4B-00C04F79EFBC}") = "EmpresaA.ProjetoX.Model", "EmpresaA.ProjetoX.Model\EmpresaA.ProjetoX.Model.csproj", "{577A6FFF-B51F-4FE5-9892-9FF40D67BE70}"
EndProject
Global
	GlobalSection(SolutionConfigurationPlatforms) = preSolution
		Debug|Any CPU = Debug|Any CPU
		Release|Any CPU = Release|Any CPU
	EndGlobalSection
	GlobalSection(ProjectConfigurationPlatforms) = postSolution
		{B0117676-1669-4A4E-8C90-14F93B5246C3}.Debug|Any CPU.ActiveCfg = Debug|Any CPU
		{B0117676-1669-4A4E-8C90-14F93B5246C3}.Debug|Any CPU.Build.0 = Debug|Any CPU
		{B0117676-1669-4A4E-8C90-14F93B5246C3}.Release|Any CPU.ActiveCfg = Release|Any CPU
		{B0117676-1669-4A4E-8C90-14F93B5246C3}.Release|Any CPU.Build.0 = Release|Any CPU
		{577A6FFF-B51F-4FE5-9892-9FF40D67BE70}.Debug|Any CPU.ActiveCfg = Debug|Any CPU
		{577A6FFF-B51F-4FE5-9892-9FF40D67BE70}.Debug|Any CPU.Build.0 = Debug|Any CPU
		{577A6FFF-B51F-4FE5-9892-9FF40D67BE70}.Release|Any CPU.ActiveCfg = Release|Any CPU
		{577A6FFF-B51F-4FE5-9892-9FF40D67BE70}.Release|Any CPU.Build.0 = Release|Any CPU
	EndGlobalSection
	GlobalSection(SolutionProperties) = preSolution
		HideSolutionNode = FALSE
	EndGlobalSection
EndGlobal
