
Microsoft Visual Studio Solution File, Format Version 12.00
# Visual Studio 2012
Project("{FAE04EC0-301F-11D3-BF4B-00C04F79EFBC}") = "CONTROLIT.CADCLI.VIEW", "CONTROLIT.CADCLI\CONTROLIT.CADCLI.VIEW.csproj", "{EEE5541E-8A94-4DEF-9D65-2654501CBC28}"
EndProject
Project("{FAE04EC0-301F-11D3-BF4B-00C04F79EFBC}") = "CONTROLIT.CADCLI.MODEL", "CONTROLIT.CADCLI.MODEL\CONTROLIT.CADCLI.MODEL.csproj", "{7FEB9121-5AE8-474D-AE8D-35A7543371AB}"
EndProject
Global
	GlobalSection(SolutionConfigurationPlatforms) = preSolution
		Debug|Any CPU = Debug|Any CPU
		Release|Any CPU = Release|Any CPU
	EndGlobalSection
	GlobalSection(ProjectConfigurationPlatforms) = postSolution
		{EEE5541E-8A94-4DEF-9D65-2654501CBC28}.Debug|Any CPU.ActiveCfg = Debug|Any CPU
		{EEE5541E-8A94-4DEF-9D65-2654501CBC28}.Debug|Any CPU.Build.0 = Debug|Any CPU
		{EEE5541E-8A94-4DEF-9D65-2654501CBC28}.Release|Any CPU.ActiveCfg = Release|Any CPU
		{EEE5541E-8A94-4DEF-9D65-2654501CBC28}.Release|Any CPU.Build.0 = Release|Any CPU
		{7FEB9121-5AE8-474D-AE8D-35A7543371AB}.Debug|Any CPU.ActiveCfg = Debug|Any CPU
		{7FEB9121-5AE8-474D-AE8D-35A7543371AB}.Debug|Any CPU.Build.0 = Debug|Any CPU
		{7FEB9121-5AE8-474D-AE8D-35A7543371AB}.Release|Any CPU.ActiveCfg = Release|Any CPU
		{7FEB9121-5AE8-474D-AE8D-35A7543371AB}.Release|Any CPU.Build.0 = Release|Any CPU
	EndGlobalSection
	GlobalSection(SolutionProperties) = preSolution
		HideSolutionNode = FALSE
	EndGlobalSection
EndGlobal
