
Microsoft Visual Studio Solution File, Format Version 12.00
# Visual Studio 2012
Project("{FAE04EC0-301F-11D3-BF4B-00C04F79EFBC}") = "FolhaPag.View", "FolhaPag\FolhaPag.View.csproj", "{594BABA2-33D8-4230-9506-6C3E728120F1}"
EndProject
Global
	GlobalSection(SolutionConfigurationPlatforms) = preSolution
		Debug|Any CPU = Debug|Any CPU
		Release|Any CPU = Release|Any CPU
	EndGlobalSection
	GlobalSection(ProjectConfigurationPlatforms) = postSolution
		{594BABA2-33D8-4230-9506-6C3E728120F1}.Debug|Any CPU.ActiveCfg = Debug|Any CPU
		{594BABA2-33D8-4230-9506-6C3E728120F1}.Debug|Any CPU.Build.0 = Debug|Any CPU
		{594BABA2-33D8-4230-9506-6C3E728120F1}.Release|Any CPU.ActiveCfg = Release|Any CPU
		{594BABA2-33D8-4230-9506-6C3E728120F1}.Release|Any CPU.Build.0 = Release|Any CPU
	EndGlobalSection
	GlobalSection(SolutionProperties) = preSolution
		HideSolutionNode = FALSE
	EndGlobalSection
EndGlobal
